# THIS IS AN AUTOGENERATED FILE. DO NOT EDIT THIS FILE DIRECTLY.
# yarn lockfile v1


"@ethersproject/bignumber@^5.6.0":
  version "5.6.0"
  resolved "https://registry.yarnpkg.com/@ethersproject/bignumber/-/bignumber-5.6.0.tgz#116c81b075c57fa765a8f3822648cf718a8a0e26"
  integrity sha512-VziMaXIUHQlHJmkv1dlcd6GY2PmT0khtAqaMctCIDogxkrarMzA9L94KN1NeXqqOfFD6r0sJT3vCTOFSmZ07DA==
  dependencies:
    "@ethersproject/bytes" "^5.6.0"
    "@ethersproject/logger" "^5.6.0"
    bn.js "^4.11.9"

"@ethersproject/bytes@^5.6.0":
  version "5.6.1"
  resolved "https://registry.yarnpkg.com/@ethersproject/bytes/-/bytes-5.6.1.tgz#24f916e411f82a8a60412344bf4a813b917eefe7"
  integrity sha512-NwQt7cKn5+ZE4uDn+X5RAXLp46E1chXoaMmrxAyA0rblpxz8t58lVkrHXoRIn0lz1joQElQ8410GqhTqMOwc6g==
  dependencies:
    "@ethersproject/logger" "^5.6.0"

"@ethersproject/constants@^5.6.0":
  version "5.6.0"
  resolved "https://registry.yarnpkg.com/@ethersproject/constants/-/constants-5.6.0.tgz#55e3eb0918584d3acc0688e9958b0cedef297088"
  integrity sha512-SrdaJx2bK0WQl23nSpV/b1aq293Lh0sUaZT/yYKPDKn4tlAbkH96SPJwIhwSwTsoQQZxuh1jnqsKwyymoiBdWA==
  dependencies:
    "@ethersproject/bignumber" "^5.6.0"

"@ethersproject/keccak256@^5.6.0":
  version "5.6.0"
  resolved "https://registry.yarnpkg.com/@ethersproject/keccak256/-/keccak256-5.6.0.tgz#fea4bb47dbf8f131c2e1774a1cecbfeb9d606459"
  integrity sha512-tk56BJ96mdj/ksi7HWZVWGjCq0WVl/QvfhFQNeL8fxhBlGoP+L80uDCiQcpJPd+2XxkivS3lwRm3E0CXTfol0w==
  dependencies:
    "@ethersproject/bytes" "^5.6.0"
    js-sha3 "0.8.0"

"@ethersproject/logger@^5.6.0":
  version "5.6.0"
  resolved "https://registry.yarnpkg.com/@ethersproject/logger/-/logger-5.6.0.tgz#d7db1bfcc22fd2e4ab574cba0bb6ad779a9a3e7a"
  integrity sha512-BiBWllUROH9w+P21RzoxJKzqoqpkyM1pRnEKG69bulE9TSQD8SAIvTQqIMZmmCO8pUNkgLP1wndX1gKghSpBmg==

"@ethersproject/sha2@^5.6.0":
  version "5.6.0"
  resolved "https://registry.yarnpkg.com/@ethersproject/sha2/-/sha2-5.6.0.tgz#364c4c11cc753bda36f31f001628706ebadb64d9"
  integrity sha512-1tNWCPFLu1n3JM9t4/kytz35DkuF9MxqkGGEHNauEbaARdm2fafnOyw1s0tIQDPKF/7bkP1u3dbrmjpn5CelyA==
  dependencies:
    "@ethersproject/bytes" "^5.6.0"
    "@ethersproject/logger" "^5.6.0"
    hash.js "1.1.7"

"@ethersproject/solidity@^5.6.0":
  version "5.6.0"
  resolved "https://registry.yarnpkg.com/@ethersproject/solidity/-/solidity-5.6.0.tgz#64657362a596bf7f5630bdc921c07dd78df06dc3"
  integrity sha512-YwF52vTNd50kjDzqKaoNNbC/r9kMDPq3YzDWmsjFTRBcIF1y4JCQJ8gB30wsTfHbaxgxelI5BfxQSxD/PbJOww==
  dependencies:
    "@ethersproject/bignumber" "^5.6.0"
    "@ethersproject/bytes" "^5.6.0"
    "@ethersproject/keccak256" "^5.6.0"
    "@ethersproject/logger" "^5.6.0"
    "@ethersproject/sha2" "^5.6.0"
    "@ethersproject/strings" "^5.6.0"

"@ethersproject/strings@^5.6.0":
  version "5.6.0"
  resolved "https://registry.yarnpkg.com/@ethersproject/strings/-/strings-5.6.0.tgz#9891b26709153d996bf1303d39a7f4bc047878fd"
  integrity sha512-uv10vTtLTZqrJuqBZR862ZQjTIa724wGPWQqZrofaPI/kUsf53TBG0I0D+hQ1qyNtllbNzaW+PDPHHUI6/65Mg==
  dependencies:
    "@ethersproject/bytes" "^5.6.0"
    "@ethersproject/constants" "^5.6.0"
    "@ethersproject/logger" "^5.6.0"

bn.js@^4.11.9:
  version "4.12.0"
  resolved "https://registry.yarnpkg.com/bn.js/-/bn.js-4.12.0.tgz#775b3f278efbb9718eec7361f483fb36fbbfea88"
  integrity sha512-c98Bf3tPniI+scsdk237ku1Dc3ujXQTSgyiPUDEOe7tRkhrqridvh8klBv0HCEso1OLOYcHuCv/cS6DNxKH+ZA==

hash.js@1.1.7:
  version "1.1.7"
  resolved "https://registry.yarnpkg.com/hash.js/-/hash.js-1.1.7.tgz#0babca538e8d4ee4a0f8988d68866537a003cf42"
  integrity sha512-taOaskGt4z4SOANNseOviYDvjEJinIkRgmp7LbKP2YTTmVxWBl87s/uzK9r+44BclBSp2X7K1hqeNfz9JbBeXA==
  dependencies:
    inherits "^2.0.3"
    minimalistic-assert "^1.0.1"

inherits@^2.0.3:
  version "2.0.4"
  resolved "https://registry.yarnpkg.com/inherits/-/inherits-2.0.4.tgz#0fa2c64f932917c3433a0ded55363aae37416b7c"
  integrity sha512-k/vGaX4/Yla3WzyMCvTQOXYeIHvqOKtnqBduzTHpzpQZzAskKMhZ2K+EnBiSM9zGSoIFeMpXKxa4dYeZIQqewQ==

js-sha3@0.8.0:
  version "0.8.0"
  resolved "https://registry.yarnpkg.com/js-sha3/-/js-sha3-0.8.0.tgz#b9b7a5da73afad7dedd0f8c463954cbde6818840"
  integrity sha512-gF1cRrHhIzNfToc802P800N8PpXS+evLLXfsVpowqmAFR9uwbi89WvXg2QspOmXL8QL86J4T1EpFu+yUkwJY3Q==

minimalistic-assert@^1.0.1:
  version "1.0.1"
  resolved "https://registry.yarnpkg.com/minimalistic-assert/-/minimalistic-assert-1.0.1.tgz#2e194de044626d4a10e7f7fbc00ce73e83e4d5c7"
  integrity sha512-UtJcAD4yEaGtjPezWuO9wC4nwUnVH/8/Im3yEHQP4b67cXlD/Qr9hdITCU1xDbSEXg2XKNaP8jsReV7vQd00/A==
